
Microsoft Visual Studio Solution File, Format Version 12.00
# Visual Studio Version 16
VisualStudioVersion = 16.0.31205.134
MinimumVisualStudioVersion = 10.0.40219.1
Project("{FAE04EC0-301F-11D3-BF4B-00C04F79EFBC}") = "RazorPagesMovie", "RazorPagesMovie\RazorPagesMovie.csproj", "{AFAD77C9-C2E8-48D0-8145-ABFFB5A4DE39}"
EndProject
Global
	GlobalSection(SolutionConfigurationPlatforms) = preSolution
		Debug|Any CPU = Debug|Any CPU
		Release|Any CPU = Release|Any CPU
	EndGlobalSection
	GlobalSection(ProjectConfigurationPlatforms) = postSolution
		{AFAD77C9-C2E8-48D0-8145-ABFFB5A4DE39}.Debug|Any CPU.ActiveCfg = Debug|Any CPU
		{AFAD77C9-C2E8-48D0-8145-ABFFB5A4DE39}.Debug|Any CPU.Build.0 = Debug|Any CPU
		{AFAD77C9-C2E8-48D0-8145-ABFFB5A4DE39}.Release|Any CPU.ActiveCfg = Release|Any CPU
		{AFAD77C9-C2E8-48D0-8145-ABFFB5A4DE39}.Release|Any CPU.Build.0 = Release|Any CPU
	EndGlobalSection
	GlobalSection(SolutionProperties) = preSolution
		HideSolutionNode = FALSE
	EndGlobalSection
	GlobalSection(ExtensibilityGlobals) = postSolution
		SolutionGuid = {91FB5A32-CA54-49FC-8FF0-E1735E904819}
	EndGlobalSection
EndGlobal
